// !$*UTF8*$!
{
	archiveVersion = 1;
	classes = {
	};
	objectVersion = 46;
	objects = {

/* Begin PBXBuildFile section */
		4AD342D81F519A44004B3E27 /* ImagesManager.swift in Sources */ = {isa = PBXBuildFile; fileRef = 4AD342D71F519A44004B3E27 /* ImagesManager.swift */; };
		4AD342DB1F51A6AF004B3E27 /* Images.bundle in Resources */ = {isa = PBXBuildFile; fileRef = 4AD342DA1F51A6AF004B3E27 /* Images.bundle */; };
		61DEA5A98BC0799B1091B4D8 /* Pods_KAPOW.framework in Frameworks */ = {isa = PBXBuildFile; fileRef = 4986CA44253A095345584904 /* Pods_KAPOW.framework */; };
		B9594C451D7B2DC500C523BE /* AppDelegate.swift in Sources */ = {isa = PBXBuildFile; fileRef = B9594C441D7B2DC500C523BE /* AppDelegate.swift */; };
		B9594C491D7B2DC600C523BE /* Assets.xcassets in Resources */ = {isa = PBXBuildFile; fileRef = B9594C481D7B2DC600C523BE /* Assets.xcassets */; };
		B9594C4C1D7B2DC600C523BE /* Main.storyboard in Resources */ = {isa = PBXBuildFile; fileRef = B9594C4A1D7B2DC600C523BE /* Main.storyboard */; };
/* End PBXBuildFile section */

/* Begin PBXFileReference section */
		43EB0C3C366D795F88FA1755 /* Pods-KAPOW.release.xcconfig */ = {isa = PBXFileReference; includeInIndex = 1; lastKnownFileType = text.xcconfig; name = "Pods-KAPOW.release.xcconfig"; path = "Pods/Target Support Files/Pods-KAPOW/Pods-KAPOW.release.xcconfig"; sourceTree = "<group>"; };
		4986CA44253A095345584904 /* Pods_KAPOW.framework */ = {isa = PBXFileReference; explicitFileType = wrapper.framework; includeInIndex = 0; path = Pods_KAPOW.framework; sourceTree = BUILT_PRODUCTS_DIR; };
		4AD342D71F519A44004B3E27 /* ImagesManager.swift */ = {isa = PBXFileReference; fileEncoding = 4; lastKnownFileType = sourcecode.swift; path = ImagesManager.swift; sourceTree = "<group>"; };
		4AD342DA1F51A6AF004B3E27 /* Images.bundle */ = {isa = PBXFileReference; lastKnownFileType = "wrapper.plug-in"; path = Images.bundle; sourceTree = "<group>"; };
		542BDB4627E108E1AD10BBDD /* Pods-KAPOW.debug.xcconfig */ = {isa = PBXFileReference; includeInIndex = 1; lastKnownFileType = text.xcconfig; name = "Pods-KAPOW.debug.xcconfig"; path = "Pods/Target Support Files/Pods-KAPOW/Pods-KAPOW.debug.xcconfig"; sourceTree = "<group>"; };
		B9594C411D7B2DC500C523BE /* KAPOW.app */ = {isa = PBXFileReference; explicitFileType = wrapper.application; includeInIndex = 0; path = KAPOW.app; sourceTree = BUILT_PRODUCTS_DIR; };
		B9594C441D7B2DC500C523BE /* AppDelegate.swift */ = {isa = PBXFileReference; lastKnownFileType = sourcecode.swift; path = AppDelegate.swift; sourceTree = "<group>"; };
		B9594C481D7B2DC600C523BE /* Assets.xcassets */ = {isa = PBXFileReference; lastKnownFileType = folder.assetcatalog; path = Assets.xcassets; sourceTree = "<group>"; };
		B9594C4B1D7B2DC600C523BE /* Base */ = {isa = PBXFileReference; lastKnownFileType = file.storyboard; name = Base; path = Base.lproj/Main.storyboard; sourceTree = "<group>"; };
		B9594C4D1D7B2DC600C523BE /* Info.plist */ = {isa = PBXFileReference; lastKnownFileType = text.plist.xml; path = Info.plist; sourceTree = "<group>"; };
/* End PBXFileReference section */

/* Begin PBXFrameworksBuildPhase section */
		B9594C3E1D7B2DC500C523BE /* Frameworks */ = {
			isa = PBXFrameworksBuildPhase;
			buildActionMask = 2147483647;
			files = (
				61DEA5A98BC0799B1091B4D8 /* Pods_KAPOW.framework in Frameworks */,
			);
			runOnlyForDeploymentPostprocessing = 0;
		};
/* End PBXFrameworksBuildPhase section */

/* Begin PBXGroup section */
		4AD342D91F51A69F004B3E27 /* Resources */ = {
			isa = PBXGroup;
			children = (
				B9594C481D7B2DC600C523BE /* Assets.xcassets */,
				4AD342DA1F51A6AF004B3E27 /* Images.bundle */,
			);
			name = Resources;
			sourceTree = "<group>";
		};
		7860DF4117C93CFF41AE391F /* Frameworks */ = {
			isa = PBXGroup;
			children = (
				4986CA44253A095345584904 /* Pods_KAPOW.framework */,
			);
			name = Frameworks;
			sourceTree = "<group>";
		};
		B9594C381D7B2DC500C523BE = {
			isa = PBXGroup;
			children = (
				B9594C431D7B2DC500C523BE /* KAPOW */,
				B9594C421D7B2DC500C523BE /* Products */,
				EA0C6E2050B4418929286DA7 /* Pods */,
				7860DF4117C93CFF41AE391F /* Frameworks */,
			);
			sourceTree = "<group>";
		};
		B9594C421D7B2DC500C523BE /* Products */ = {
			isa = PBXGroup;
			children = (
				B9594C411D7B2DC500C523BE /* KAPOW.app */,
			);
			name = Products;
			sourceTree = "<group>";
		};
		B9594C431D7B2DC500C523BE /* KAPOW */ = {
			isa = PBXGroup;
			children = (
				B9594C441D7B2DC500C523BE /* AppDelegate.swift */,
				4AD342D71F519A44004B3E27 /* ImagesManager.swift */,
				B9594C4A1D7B2DC600C523BE /* Main.storyboard */,
				B9594C4D1D7B2DC600C523BE /* Info.plist */,
				4AD342D91F51A69F004B3E27 /* Resources */,
			);
			path = KAPOW;
			sourceTree = "<group>";
		};
		EA0C6E2050B4418929286DA7 /* Pods */ = {
			isa = PBXGroup;
			children = (
				542BDB4627E108E1AD10BBDD /* Pods-KAPOW.debug.xcconfig */,
				43EB0C3C366D795F88FA1755 /* Pods-KAPOW.release.xcconfig */,
			);
			name = Pods;
			sourceTree = "<group>";
		};
/* End PBXGroup section */

/* Begin PBXNativeTarget section */
		B9594C401D7B2DC500C523BE /* KAPOW */ = {
			isa = PBXNativeTarget;
			buildConfigurationList = B9594C501D7B2DC600C523BE /* Build configuration list for PBXNativeTarget "KAPOW" */;
			buildPhases = (
				8222C028788D48F75787435E /* [CP] Check Pods Manifest.lock */,
				B9594C3D1D7B2DC500C523BE /* Sources */,
				B9594C3E1D7B2DC500C523BE /* Frameworks */,
				B9594C3F1D7B2DC500C523BE /* Resources */,
				336AE1CB3DF4B12FB1541520 /* [CP] Embed Pods Frameworks */,
				6B6E0C624309F26CFCBFC417 /* [CP] Copy Pods Resources */,
			);
			buildRules = (
			);
			dependencies = (
			);
			name = KAPOW;
			productName = KAPOW;
			productReference = B9594C411D7B2DC500C523BE /* KAPOW.app */;
			productType = "com.apple.product-type.application";
		};
/* End PBXNativeTarget section */

/* Begin PBXProject section */
		B9594C391D7B2DC500C523BE /* Project object */ = {
			isa = PBXProject;
			attributes = {
				LastSwiftUpdateCheck = 0730;
				LastUpgradeCheck = 0900;
				ORGANIZATIONNAME = "Rustam Galiullin";
				TargetAttributes = {
					B9594C401D7B2DC500C523BE = {
						CreatedOnToolsVersion = 7.3.1;
						LastSwiftMigration = 0900;
					};
				};
			};
			buildConfigurationList = B9594C3C1D7B2DC500C523BE /* Build configuration list for PBXProject "KAPOW" */;
			compatibilityVersion = "Xcode 3.2";
			developmentRegion = English;
			hasScannedForEncodings = 0;
			knownRegions = (
				en,
				Base,
			);
			mainGroup = B9594C381D7B2DC500C523BE;
			productRefGroup = B9594C421D7B2DC500C523BE /* Products */;
			projectDirPath = "";
			projectRoot = "";
			targets = (
				B9594C401D7B2DC500C523BE /* KAPOW */,
			);
		};
/* End PBXProject section */

/* Begin PBXResourcesBuildPhase section */
		B9594C3F1D7B2DC500C523BE /* Resources */ = {
			isa = PBXResourcesBuildPhase;
			buildActionMask = 2147483647;
			files = (
				B9594C491D7B2DC600C523BE /* Assets.xcassets in Resources */,
				B9594C4C1D7B2DC600C523BE /* Main.storyboard in Resources */,
				4AD342DB1F51A6AF004B3E27 /* Images.bundle in Resources */,
			);
			runOnlyForDeploymentPostprocessing = 0;
		};
/* End PBXResourcesBuildPhase section */

/* Begin PBXShellScriptBuildPhase section */
		336AE1CB3DF4B12FB1541520 /* [CP] Embed Pods Frameworks */ = {
			isa = PBXShellScriptBuildPhase;
			buildActionMask = 2147483647;
			files = (
			);
			inputPaths = (
			);
			name = "[CP] Embed Pods Frameworks";
			outputPaths = (
			);
			runOnlyForDeploymentPostprocessing = 0;
			shellPath = /bin/sh;
			shellScript = "\"${SRCROOT}/Pods/Target Support Files/Pods-KAPOW/Pods-KAPOW-frameworks.sh\"\n";
			showEnvVarsInLog = 0;
		};
		6B6E0C624309F26CFCBFC417 /* [CP] Copy Pods Resources */ = {
			isa = PBXShellScriptBuildPhase;
			buildActionMask = 2147483647;
			files = (
			);
			inputPaths = (
			);
			name = "[CP] Copy Pods Resources";
			outputPaths = (
			);
			runOnlyForDeploymentPostprocessing = 0;
			shellPath = /bin/sh;
			shellScript = "\"${SRCROOT}/Pods/Target Support Files/Pods-KAPOW/Pods-KAPOW-resources.sh\"\n";
			showEnvVarsInLog = 0;
		};
		8222C028788D48F75787435E /* [CP] Check Pods Manifest.lock */ = {
			isa = PBXShellScriptBuildPhase;
			buildActionMask = 2147483647;
			files = (
			);
			inputPaths = (
			);
			name = "[CP] Check Pods Manifest.lock";
			outputPaths = (
			);
			runOnlyForDeploymentPostprocessing = 0;
			shellPath = /bin/sh;
			shellScript = "diff \"${PODS_PODFILE_DIR_PATH}/Podfile.lock\" \"${PODS_ROOT}/Manifest.lock\" > /dev/null\nif [ $? != 0 ] ; then\n    # print error to STDERR\n    echo \"error: The sandbox is not in sync with the Podfile.lock. Run 'pod install' or update your CocoaPods installation.\" >&2\n    exit 1\nfi\n";
			showEnvVarsInLog = 0;
		};
/* End PBXShellScriptBuildPhase section */

/* Begin PBXSourcesBuildPhase section */
		B9594C3D1D7B2DC500C523BE /* Sources */ = {
			isa = PBXSourcesBuildPhase;
			buildActionMask = 2147483647;
			files = (
				B9594C451D7B2DC500C523BE /* AppDelegate.swift in Sources */,
				4AD342D81F519A44004B3E27 /* ImagesManager.swift in Sources */,
			);
			runOnlyForDeploymentPostprocessing = 0;
		};
/* End PBXSourcesBuildPhase section */

/* Begin PBXVariantGroup section */
		B9594C4A1D7B2DC600C523BE /* Main.storyboard */ = {
			isa = PBXVariantGroup;
			children = (
				B9594C4B1D7B2DC600C523BE /* Base */,
			);
			name = Main.storyboard;
			sourceTree = "<group>";
		};
/* End PBXVariantGroup section */

/* Begin XCBuildConfiguration section */
		B9594C4E1D7B2DC600C523BE /* Debug */ = {
			isa = XCBuildConfiguration;
			buildSettings = {
				ALWAYS_SEARCH_USER_PATHS = NO;
				CLANG_ANALYZER_NONNULL = YES;
				CLANG_CXX_LANGUAGE_STANDARD = "gnu++0x";
				CLANG_CXX_LIBRARY = "libc++";
				CLANG_ENABLE_MODULES = YES;
				CLANG_ENABLE_OBJC_ARC = YES;
				CLANG_WARN_BLOCK_CAPTURE_AUTORELEASING = YES;
				CLANG_WARN_BOOL_CONVERSION = YES;
				CLANG_WARN_COMMA = YES;
				CLANG_WARN_CONSTANT_CONVERSION = YES;
				CLANG_WARN_DIRECT_OBJC_ISA_USAGE = YES_ERROR;
				CLANG_WARN_EMPTY_BODY = YES;
				CLANG_WARN_ENUM_CONVERSION = YES;
				CLANG_WARN_INFINITE_RECURSION = YES;
				CLANG_WARN_INT_CONVERSION = YES;
				CLANG_WARN_NON_LITERAL_NULL_CONVERSION = YES;
				CLANG_WARN_OBJC_LITERAL_CONVERSION = YES;
				CLANG_WARN_OBJC_ROOT_CLASS = YES_ERROR;
				CLANG_WARN_RANGE_LOOP_ANALYSIS = YES;
				CLANG_WARN_STRICT_PROTOTYPES = YES;
				CLANG_WARN_SUSPICIOUS_MOVE = YES;
				CLANG_WARN_UNREACHABLE_CODE = YES;
				CLANG_WARN__DUPLICATE_METHOD_MATCH = YES;
				CODE_SIGN_IDENTITY = "-";
				COPY_PHASE_STRIP = NO;
				DEBUG_INFORMATION_FORMAT = dwarf;
				ENABLE_STRICT_OBJC_MSGSEND = YES;
				ENABLE_TESTABILITY = YES;
				GCC_C_LANGUAGE_STANDARD = gnu99;
				GCC_DYNAMIC_NO_PIC = NO;
				GCC_NO_COMMON_BLOCKS = YES;
				GCC_OPTIMIZATION_LEVEL = 0;
				GCC_PREPROCESSOR_DEFINITIONS = (
					"DEBUG=1",
					"$(inherited)",
				);
				GCC_WARN_64_TO_32_BIT_CONVERSION = YES;
				GCC_WARN_ABOUT_RETURN_TYPE = YES_ERROR;
				GCC_WARN_UNDECLARED_SELECTOR = YES;
				GCC_WARN_UNINITIALIZED_AUTOS = YES_AGGRESSIVE;
				GCC_WARN_UNUSED_FUNCTION = YES;
				GCC_WARN_UNUSED_VARIABLE = YES;
				MACOSX_DEPLOYMENT_TARGET = 10.11;
				MTL_ENABLE_DEBUG_INFO = YES;
				ONLY_ACTIVE_ARCH = YES;
				SDKROOT = macosx;
				SWIFT_OPTIMIZATION_LEVEL = "-Onone";
			};
			name = Debug;
		};
		B9594C4F1D7B2DC600C523BE /* Release */ = {
			isa = XCBuildConfiguration;
			buildSettings = {
				ALWAYS_SEARCH_USER_PATHS = NO;
				CLANG_ANALYZER_NONNULL = YES;
				CLANG_CXX_LANGUAGE_STANDARD = "gnu++0x";
				CLANG_CXX_LIBRARY = "libc++";
				CLANG_ENABLE_MODULES = YES;
				CLANG_ENABLE_OBJC_ARC = YES;
				CLANG_WARN_BLOCK_CAPTURE_AUTORELEASING = YES;
				CLANG_WARN_BOOL_CONVERSION = YES;
				CLANG_WARN_COMMA = YES;
				CLANG_WARN_CONSTANT_CONVERSION = YES;
				CLANG_WARN_DIRECT_OBJC_ISA_USAGE = YES_ERROR;
				CLANG_WARN_EMPTY_BODY = YES;
				CLANG_WARN_ENUM_CONVERSION = YES;
				CLANG_WARN_INFINITE_RECURSION = YES;
				CLANG_WARN_INT_CONVERSION = YES;
				CLANG_WARN_NON_LITERAL_NULL_CONVERSION = YES;
				CLANG_WARN_OBJC_LITERAL_CONVERSION = YES;
				CLANG_WARN_OBJC_ROOT_CLASS = YES_ERROR;
				CLANG_WARN_RANGE_LOOP_ANALYSIS = YES;
				CLANG_WARN_STRICT_PROTOTYPES = YES;
				CLANG_WARN_SUSPICIOUS_MOVE = YES;
				CLANG_WARN_UNREACHABLE_CODE = YES;
				CLANG_WARN__DUPLICATE_METHOD_MATCH = YES;
				CODE_SIGN_IDENTITY = "-";
				COPY_PHASE_STRIP = NO;
				DEBUG_INFORMATION_FORMAT = "dwarf-with-dsym";
				ENABLE_NS_ASSERTIONS = NO;
				ENABLE_STRICT_OBJC_MSGSEND = YES;
				GCC_C_LANGUAGE_STANDARD = gnu99;
				GCC_NO_COMMON_BLOCKS = YES;
				GCC_WARN_64_TO_32_BIT_CONVERSION = YES;
				GCC_WARN_ABOUT_RETURN_TYPE = YES_ERROR;
				GCC_WARN_UNDECLARED_SELECTOR = YES;
				GCC_WARN_UNINITIALIZED_AUTOS = YES_AGGRESSIVE;
				GCC_WARN_UNUSED_FUNCTION = YES;
				GCC_WARN_UNUSED_VARIABLE = YES;
				MACOSX_DEPLOYMENT_TARGET = 10.11;
				MTL_ENABLE_DEBUG_INFO = NO;
				SDKROOT = macosx;
				SWIFT_OPTIMIZATION_LEVEL = "-Owholemodule";
			};
			name = Release;
		};
		B9594C511D7B2DC600C523BE /* Debug */ = {
			isa = XCBuildConfiguration;
			baseConfigurationReference = 542BDB4627E108E1AD10BBDD /* Pods-KAPOW.debug.xcconfig */;
			buildSettings = {
				ASSETCATALOG_COMPILER_APPICON_NAME = AppIcon;
				COMBINE_HIDPI_IMAGES = YES;
				INFOPLIST_FILE = KAPOW/Info.plist;
				LD_RUNPATH_SEARCH_PATHS = "$(inherited) @executable_path/../Frameworks";
				PRODUCT_BUNDLE_IDENTIFIER = rustam.KAPOW;
				PRODUCT_NAME = "$(TARGET_NAME)";
				SWIFT_SWIFT3_OBJC_INFERENCE = On;
				SWIFT_VERSION = 4.0;
			};
			name = Debug;
		};
		B9594C521D7B2DC600C523BE /* Release */ = {
			isa = XCBuildConfiguration;
			baseConfigurationReference = 43EB0C3C366D795F88FA1755 /* Pods-KAPOW.release.xcconfig */;
			buildSettings = {
				ASSETCATALOG_COMPILER_APPICON_NAME = AppIcon;
				COMBINE_HIDPI_IMAGES = YES;
				INFOPLIST_FILE = KAPOW/Info.plist;
				LD_RUNPATH_SEARCH_PATHS = "$(inherited) @executable_path/../Frameworks";
				PRODUCT_BUNDLE_IDENTIFIER = rustam.KAPOW;
				PRODUCT_NAME = "$(TARGET_NAME)";
				SWIFT_SWIFT3_OBJC_INFERENCE = On;
				SWIFT_VERSION = 4.0;
			};
			name = Release;
		};
/* End XCBuildConfiguration section */

/* Begin XCConfigurationList section */
		B9594C3C1D7B2DC500C523BE /* Build configuration list for PBXProject "KAPOW" */ = {
			isa = XCConfigurationList;
			buildConfigurations = (
				B9594C4E1D7B2DC600C523BE /* Debug */,
				B9594C4F1D7B2DC600C523BE /* Release */,
			);
			defaultConfigurationIsVisible = 0;
			defaultConfigurationName = Release;
		};
		B9594C501D7B2DC600C523BE /* Build configuration list for PBXNativeTarget "KAPOW" */ = {
			isa = XCConfigurationList;
			buildConfigurations = (
				B9594C511D7B2DC600C523BE /* Debug */,
				B9594C521D7B2DC600C523BE /* Release */,
			);
			defaultConfigurationIsVisible = 0;
			defaultConfigurationName = Release;
		};
/* End XCConfigurationList section */
	};
	rootObject = B9594C391D7B2DC500C523BE /* Project object */;
}
